// !$*UTF8*$!
{
	archiveVersion = 1;
	classes = {
	};
	objectVersion = 48;
	objects = {

/* Begin PBXBuildFile section */
		191254202018234D0061A284 /* AppDelegate.m in Sources */ = {isa = PBXBuildFile; fileRef = 1912541F2018234D0061A284 /* AppDelegate.m */; };
		191254232018234D0061A284 /* ViewController.m in Sources */ = {isa = PBXBuildFile; fileRef = 191254222018234D0061A284 /* ViewController.m */; };
		191254262018234D0061A284 /* Main.storyboard in Resources */ = {isa = PBXBuildFile; fileRef = 191254242018234D0061A284 /* Main.storyboard */; };
		191254292018234D0061A284 /* LogitowSdkSample.xcdatamodeld in Sources */ = {isa = PBXBuildFile; fileRef = 191254272018234D0061A284 /* LogitowSdkSample.xcdatamodeld */; };
		1912542B2018234D0061A284 /* Assets.xcassets in Resources */ = {isa = PBXBuildFile; fileRef = 1912542A2018234D0061A284 /* Assets.xcassets */; };
		1912542E2018234D0061A284 /* LaunchScreen.storyboard in Resources */ = {isa = PBXBuildFile; fileRef = 1912542C2018234D0061A284 /* LaunchScreen.storyboard */; };
		191254312018234D0061A284 /* main.m in Sources */ = {isa = PBXBuildFile; fileRef = 191254302018234D0061A284 /* main.m */; };
		1912543B2018234D0061A284 /* LogitowSdkSampleTests.m in Sources */ = {isa = PBXBuildFile; fileRef = 1912543A2018234D0061A284 /* LogitowSdkSampleTests.m */; };
		191254462018234D0061A284 /* LogitowSdkSampleUITests.m in Sources */ = {isa = PBXBuildFile; fileRef = 191254452018234D0061A284 /* LogitowSdkSampleUITests.m */; };
		191254822018817E0061A284 /* LogitowSdk.framework in Frameworks */ = {isa = PBXBuildFile; fileRef = 191254812018817E0061A284 /* LogitowSdk.framework */; };
/* End PBXBuildFile section */

/* Begin PBXContainerItemProxy section */
		191254372018234D0061A284 /* PBXContainerItemProxy */ = {
			isa = PBXContainerItemProxy;
			containerPortal = 191254132018234D0061A284 /* Project object */;
			proxyType = 1;
			remoteGlobalIDString = 1912541A2018234D0061A284;
			remoteInfo = LogitowSdkSample;
		};
		191254422018234D0061A284 /* PBXContainerItemProxy */ = {
			isa = PBXContainerItemProxy;
			containerPortal = 191254132018234D0061A284 /* Project object */;
			proxyType = 1;
			remoteGlobalIDString = 1912541A2018234D0061A284;
			remoteInfo = LogitowSdkSample;
		};
/* End PBXContainerItemProxy section */

/* Begin PBXFileReference section */
		1912541B2018234D0061A284 /* LogitowSdkSample.app */ = {isa = PBXFileReference; explicitFileType = wrapper.application; includeInIndex = 0; path = LogitowSdkSample.app; sourceTree = BUILT_PRODUCTS_DIR; };
		1912541E2018234D0061A284 /* AppDelegate.h */ = {isa = PBXFileReference; lastKnownFileType = sourcecode.c.h; path = AppDelegate.h; sourceTree = "<group>"; };
		1912541F2018234D0061A284 /* AppDelegate.m */ = {isa = PBXFileReference; lastKnownFileType = sourcecode.c.objc; path = AppDelegate.m; sourceTree = "<group>"; };
		191254212018234D0061A284 /* ViewController.h */ = {isa = PBXFileReference; lastKnownFileType = sourcecode.c.h; path = ViewController.h; sourceTree = "<group>"; };
		191254222018234D0061A284 /* ViewController.m */ = {isa = PBXFileReference; lastKnownFileType = sourcecode.c.objc; path = ViewController.m; sourceTree = "<group>"; };
		191254252018234D0061A284 /* Base */ = {isa = PBXFileReference; lastKnownFileType = file.storyboard; name = Base; path = Base.lproj/Main.storyboard; sourceTree = "<group>"; };
		191254282018234D0061A284 /* LogitowSdkSample.xcdatamodel */ = {isa = PBXFileReference; lastKnownFileType = wrapper.xcdatamodel; path = LogitowSdkSample.xcdatamodel; sourceTree = "<group>"; };
		1912542A2018234D0061A284 /* Assets.xcassets */ = {isa = PBXFileReference; lastKnownFileType = folder.assetcatalog; path = Assets.xcassets; sourceTree = "<group>"; };
		1912542D2018234D0061A284 /* Base */ = {isa = PBXFileReference; lastKnownFileType = file.storyboard; name = Base; path = Base.lproj/LaunchScreen.storyboard; sourceTree = "<group>"; };
		1912542F2018234D0061A284 /* Info.plist */ = {isa = PBXFileReference; lastKnownFileType = text.plist.xml; path = Info.plist; sourceTree = "<group>"; };
		191254302018234D0061A284 /* main.m */ = {isa = PBXFileReference; lastKnownFileType = sourcecode.c.objc; path = main.m; sourceTree = "<group>"; };
		191254362018234D0061A284 /* LogitowSdkSampleTests.xctest */ = {isa = PBXFileReference; explicitFileType = wrapper.cfbundle; includeInIndex = 0; path = LogitowSdkSampleTests.xctest; sourceTree = BUILT_PRODUCTS_DIR; };
		1912543A2018234D0061A284 /* LogitowSdkSampleTests.m */ = {isa = PBXFileReference; lastKnownFileType = sourcecode.c.objc; path = LogitowSdkSampleTests.m; sourceTree = "<group>"; };
		1912543C2018234D0061A284 /* Info.plist */ = {isa = PBXFileReference; lastKnownFileType = text.plist.xml; path = Info.plist; sourceTree = "<group>"; };
		191254412018234D0061A284 /* LogitowSdkSampleUITests.xctest */ = {isa = PBXFileReference; explicitFileType = wrapper.cfbundle; includeInIndex = 0; path = LogitowSdkSampleUITests.xctest; sourceTree = BUILT_PRODUCTS_DIR; };
		191254452018234D0061A284 /* LogitowSdkSampleUITests.m */ = {isa = PBXFileReference; lastKnownFileType = sourcecode.c.objc; path = LogitowSdkSampleUITests.m; sourceTree = "<group>"; };
		191254472018234D0061A284 /* Info.plist */ = {isa = PBXFileReference; lastKnownFileType = text.plist.xml; path = Info.plist; sourceTree = "<group>"; };
		191254812018817E0061A284 /* LogitowSdk.framework */ = {isa = PBXFileReference; lastKnownFileType = wrapper.framework; path = LogitowSdk.framework; sourceTree = "<group>"; };
/* End PBXFileReference section */

/* Begin PBXFrameworksBuildPhase section */
		191254182018234D0061A284 /* Frameworks */ = {
			isa = PBXFrameworksBuildPhase;
			buildActionMask = 2147483647;
			files = (
				191254822018817E0061A284 /* LogitowSdk.framework in Frameworks */,
			);
			runOnlyForDeploymentPostprocessing = 0;
		};
		191254332018234D0061A284 /* Frameworks */ = {
			isa = PBXFrameworksBuildPhase;
			buildActionMask = 2147483647;
			files = (
			);
			runOnlyForDeploymentPostprocessing = 0;
		};
		1912543E2018234D0061A284 /* Frameworks */ = {
			isa = PBXFrameworksBuildPhase;
			buildActionMask = 2147483647;
			files = (
			);
			runOnlyForDeploymentPostprocessing = 0;
		};
/* End PBXFrameworksBuildPhase section */

/* Begin PBXGroup section */
		191254122018234D0061A284 = {
			isa = PBXGroup;
			children = (
				191254812018817E0061A284 /* LogitowSdk.framework */,
				1912541D2018234D0061A284 /* LogitowSdkSample */,
				191254392018234D0061A284 /* LogitowSdkSampleTests */,
				191254442018234D0061A284 /* LogitowSdkSampleUITests */,
				1912541C2018234D0061A284 /* Products */,
			);
			sourceTree = "<group>";
		};
		1912541C2018234D0061A284 /* Products */ = {
			isa = PBXGroup;
			children = (
				1912541B2018234D0061A284 /* LogitowSdkSample.app */,
				191254362018234D0061A284 /* LogitowSdkSampleTests.xctest */,
				191254412018234D0061A284 /* LogitowSdkSampleUITests.xctest */,
			);
			name = Products;
			sourceTree = "<group>";
		};
		1912541D2018234D0061A284 /* LogitowSdkSample */ = {
			isa = PBXGroup;
			children = (
				1912541E2018234D0061A284 /* AppDelegate.h */,
				1912541F2018234D0061A284 /* AppDelegate.m */,
				191254212018234D0061A284 /* ViewController.h */,
				191254222018234D0061A284 /* ViewController.m */,
				191254242018234D0061A284 /* Main.storyboard */,
				1912542A2018234D0061A284 /* Assets.xcassets */,
				1912542C2018234D0061A284 /* LaunchScreen.storyboard */,
				1912542F2018234D0061A284 /* Info.plist */,
				191254302018234D0061A284 /* main.m */,
				191254272018234D0061A284 /* LogitowSdkSample.xcdatamodeld */,
			);
			path = LogitowSdkSample;
			sourceTree = "<group>";
		};
		191254392018234D0061A284 /* LogitowSdkSampleTests */ = {
			isa = PBXGroup;
			children = (
				1912543A2018234D0061A284 /* LogitowSdkSampleTests.m */,
				1912543C2018234D0061A284 /* Info.plist */,
			);
			path = LogitowSdkSampleTests;
			sourceTree = "<group>";
		};
		191254442018234D0061A284 /* LogitowSdkSampleUITests */ = {
			isa = PBXGroup;
			children = (
				191254452018234D0061A284 /* LogitowSdkSampleUITests.m */,
				191254472018234D0061A284 /* Info.plist */,
			);
			path = LogitowSdkSampleUITests;
			sourceTree = "<group>";
		};
/* End PBXGroup section */

/* Begin PBXNativeTarget section */
		1912541A2018234D0061A284 /* LogitowSdkSample */ = {
			isa = PBXNativeTarget;
			buildConfigurationList = 1912544A2018234D0061A284 /* Build configuration list for PBXNativeTarget "LogitowSdkSample" */;
			buildPhases = (
				191254172018234D0061A284 /* Sources */,
				191254182018234D0061A284 /* Frameworks */,
				191254192018234D0061A284 /* Resources */,
			);
			buildRules = (
			);
			dependencies = (
			);
			name = LogitowSdkSample;
			productName = LogitowSdkSample;
			productReference = 1912541B2018234D0061A284 /* LogitowSdkSample.app */;
			productType = "com.apple.product-type.application";
		};
		191254352018234D0061A284 /* LogitowSdkSampleTests */ = {
			isa = PBXNativeTarget;
			buildConfigurationList = 1912544D2018234D0061A284 /* Build configuration list for PBXNativeTarget "LogitowSdkSampleTests" */;
			buildPhases = (
				191254322018234D0061A284 /* Sources */,
				191254332018234D0061A284 /* Frameworks */,
				191254342018234D0061A284 /* Resources */,
			);
			buildRules = (
			);
			dependencies = (
				191254382018234D0061A284 /* PBXTargetDependency */,
			);
			name = LogitowSdkSampleTests;
			productName = LogitowSdkSampleTests;
			productReference = 191254362018234D0061A284 /* LogitowSdkSampleTests.xctest */;
			productType = "com.apple.product-type.bundle.unit-test";
		};
		191254402018234D0061A284 /* LogitowSdkSampleUITests */ = {
			isa = PBXNativeTarget;
			buildConfigurationList = 191254502018234D0061A284 /* Build configuration list for PBXNativeTarget "LogitowSdkSampleUITests" */;
			buildPhases = (
				1912543D2018234D0061A284 /* Sources */,
				1912543E2018234D0061A284 /* Frameworks */,
				1912543F2018234D0061A284 /* Resources */,
			);
			buildRules = (
			);
			dependencies = (
				191254432018234D0061A284 /* PBXTargetDependency */,
			);
			name = LogitowSdkSampleUITests;
			productName = LogitowSdkSampleUITests;
			productReference = 191254412018234D0061A284 /* LogitowSdkSampleUITests.xctest */;
			productType = "com.apple.product-type.bundle.ui-testing";
		};
/* End PBXNativeTarget section */

/* Begin PBXProject section */
		191254132018234D0061A284 /* Project object */ = {
			isa = PBXProject;
			attributes = {
				LastUpgradeCheck = 0920;
				ORGANIZATIONNAME = paracra;
				TargetAttributes = {
					1912541A2018234D0061A284 = {
						CreatedOnToolsVersion = 9.2;
						ProvisioningStyle = Automatic;
					};
					191254352018234D0061A284 = {
						CreatedOnToolsVersion = 9.2;
						ProvisioningStyle = Automatic;
						TestTargetID = 1912541A2018234D0061A284;
					};
					191254402018234D0061A284 = {
						CreatedOnToolsVersion = 9.2;
						ProvisioningStyle = Automatic;
						TestTargetID = 1912541A2018234D0061A284;
					};
				};
			};
			buildConfigurationList = 191254162018234D0061A284 /* Build configuration list for PBXProject "LogitowSdkSample" */;
			compatibilityVersion = "Xcode 8.0";
			developmentRegion = en;
			hasScannedForEncodings = 0;
			knownRegions = (
				en,
				Base,
			);
			mainGroup = 191254122018234D0061A284;
			productRefGroup = 1912541C2018234D0061A284 /* Products */;
			projectDirPath = "";
			projectRoot = "";
			targets = (
				1912541A2018234D0061A284 /* LogitowSdkSample */,
				191254352018234D0061A284 /* LogitowSdkSampleTests */,
				191254402018234D0061A284 /* LogitowSdkSampleUITests */,
			);
		};
/* End PBXProject section */

/* Begin PBXResourcesBuildPhase section */
		191254192018234D0061A284 /* Resources */ = {
			isa = PBXResourcesBuildPhase;
			buildActionMask = 2147483647;
			files = (
				1912542E2018234D0061A284 /* LaunchScreen.storyboard in Resources */,
				1912542B2018234D0061A284 /* Assets.xcassets in Resources */,
				191254262018234D0061A284 /* Main.storyboard in Resources */,
			);
			runOnlyForDeploymentPostprocessing = 0;
		};
		191254342018234D0061A284 /* Resources */ = {
			isa = PBXResourcesBuildPhase;
			buildActionMask = 2147483647;
			files = (
			);
			runOnlyForDeploymentPostprocessing = 0;
		};
		1912543F2018234D0061A284 /* Resources */ = {
			isa = PBXResourcesBuildPhase;
			buildActionMask = 2147483647;
			files = (
			);
			runOnlyForDeploymentPostprocessing = 0;
		};
/* End PBXResourcesBuildPhase section */

/* Begin PBXSourcesBuildPhase section */
		191254172018234D0061A284 /* Sources */ = {
			isa = PBXSourcesBuildPhase;
			buildActionMask = 2147483647;
			files = (
				191254232018234D0061A284 /* ViewController.m in Sources */,
				191254202018234D0061A284 /* AppDelegate.m in Sources */,
				191254312018234D0061A284 /* main.m in Sources */,
				191254292018234D0061A284 /* LogitowSdkSample.xcdatamodeld in Sources */,
			);
			runOnlyForDeploymentPostprocessing = 0;
		};
		191254322018234D0061A284 /* Sources */ = {
			isa = PBXSourcesBuildPhase;
			buildActionMask = 2147483647;
			files = (
				1912543B2018234D0061A284 /* LogitowSdkSampleTests.m in Sources */,
			);
			runOnlyForDeploymentPostprocessing = 0;
		};
		1912543D2018234D0061A284 /* Sources */ = {
			isa = PBXSourcesBuildPhase;
			buildActionMask = 2147483647;
			files = (
				191254462018234D0061A284 /* LogitowSdkSampleUITests.m in Sources */,
			);
			runOnlyForDeploymentPostprocessing = 0;
		};
/* End PBXSourcesBuildPhase section */

/* Begin PBXTargetDependency section */
		191254382018234D0061A284 /* PBXTargetDependency */ = {
			isa = PBXTargetDependency;
			target = 1912541A2018234D0061A284 /* LogitowSdkSample */;
			targetProxy = 191254372018234D0061A284 /* PBXContainerItemProxy */;
		};
		191254432018234D0061A284 /* PBXTargetDependency */ = {
			isa = PBXTargetDependency;
			target = 1912541A2018234D0061A284 /* LogitowSdkSample */;
			targetProxy = 191254422018234D0061A284 /* PBXContainerItemProxy */;
		};
/* End PBXTargetDependency section */

/* Begin PBXVariantGroup section */
		191254242018234D0061A284 /* Main.storyboard */ = {
			isa = PBXVariantGroup;
			children = (
				191254252018234D0061A284 /* Base */,
			);
			name = Main.storyboard;
			sourceTree = "<group>";
		};
		1912542C2018234D0061A284 /* LaunchScreen.storyboard */ = {
			isa = PBXVariantGroup;
			children = (
				1912542D2018234D0061A284 /* Base */,
			);
			name = LaunchScreen.storyboard;
			sourceTree = "<group>";
		};
/* End PBXVariantGroup section */

/* Begin XCBuildConfiguration section */
		191254482018234D0061A284 /* Debug */ = {
			isa = XCBuildConfiguration;
			buildSettings = {
				ALWAYS_SEARCH_USER_PATHS = NO;
				CLANG_ANALYZER_NONNULL = YES;
				CLANG_ANALYZER_NUMBER_OBJECT_CONVERSION = YES_AGGRESSIVE;
				CLANG_CXX_LANGUAGE_STANDARD = "gnu++14";
				CLANG_CXX_LIBRARY = "libc++";
				CLANG_ENABLE_MODULES = YES;
				CLANG_ENABLE_OBJC_ARC = YES;
				CLANG_WARN_BLOCK_CAPTURE_AUTORELEASING = YES;
				CLANG_WARN_BOOL_CONVERSION = YES;
				CLANG_WARN_COMMA = YES;
				CLANG_WARN_CONSTANT_CONVERSION = YES;
				CLANG_WARN_DIRECT_OBJC_ISA_USAGE = YES_ERROR;
				CLANG_WARN_DOCUMENTATION_COMMENTS = YES;
				CLANG_WARN_EMPTY_BODY = YES;
				CLANG_WARN_ENUM_CONVERSION = YES;
				CLANG_WARN_INFINITE_RECURSION = YES;
				CLANG_WARN_INT_CONVERSION = YES;
				CLANG_WARN_NON_LITERAL_NULL_CONVERSION = YES;
				CLANG_WARN_OBJC_LITERAL_CONVERSION = YES;
				CLANG_WARN_OBJC_ROOT_CLASS = YES_ERROR;
				CLANG_WARN_RANGE_LOOP_ANALYSIS = YES;
				CLANG_WARN_STRICT_PROTOTYPES = YES;
				CLANG_WARN_SUSPICIOUS_MOVE = YES;
				CLANG_WARN_UNGUARDED_AVAILABILITY = YES_AGGRESSIVE;
				CLANG_WARN_UNREACHABLE_CODE = YES;
				CLANG_WARN__DUPLICATE_METHOD_MATCH = YES;
				CODE_SIGN_IDENTITY = "iPhone Developer";
				COPY_PHASE_STRIP = NO;
				DEBUG_INFORMATION_FORMAT = dwarf;
				ENABLE_STRICT_OBJC_MSGSEND = YES;
				ENABLE_TESTABILITY = YES;
				GCC_C_LANGUAGE_STANDARD = gnu11;
				GCC_DYNAMIC_NO_PIC = NO;
				GCC_NO_COMMON_BLOCKS = YES;
				GCC_OPTIMIZATION_LEVEL = 0;
				GCC_PREPROCESSOR_DEFINITIONS = (
					"DEBUG=1",
					"$(inherited)",
				);
				GCC_WARN_64_TO_32_BIT_CONVERSION = YES;
				GCC_WARN_ABOUT_RETURN_TYPE = YES_ERROR;
				GCC_WARN_UNDECLARED_SELECTOR = YES;
				GCC_WARN_UNINITIALIZED_AUTOS = YES_AGGRESSIVE;
				GCC_WARN_UNUSED_FUNCTION = YES;
				GCC_WARN_UNUSED_VARIABLE = YES;
				IPHONEOS_DEPLOYMENT_TARGET = 11.2;
				MTL_ENABLE_DEBUG_INFO = YES;
				ONLY_ACTIVE_ARCH = YES;
				SDKROOT = iphoneos;
			};
			name = Debug;
		};
		191254492018234D0061A284 /* Release */ = {
			isa = XCBuildConfiguration;
			buildSettings = {
				ALWAYS_SEARCH_USER_PATHS = NO;
				CLANG_ANALYZER_NONNULL = YES;
				CLANG_ANALYZER_NUMBER_OBJECT_CONVERSION = YES_AGGRESSIVE;
				CLANG_CXX_LANGUAGE_STANDARD = "gnu++14";
				CLANG_CXX_LIBRARY = "libc++";
				CLANG_ENABLE_MODULES = YES;
				CLANG_ENABLE_OBJC_ARC = YES;
				CLANG_WARN_BLOCK_CAPTURE_AUTORELEASING = YES;
				CLANG_WARN_BOOL_CONVERSION = YES;
				CLANG_WARN_COMMA = YES;
				CLANG_WARN_CONSTANT_CONVERSION = YES;
				CLANG_WARN_DIRECT_OBJC_ISA_USAGE = YES_ERROR;
				CLANG_WARN_DOCUMENTATION_COMMENTS = YES;
				CLANG_WARN_EMPTY_BODY = YES;
				CLANG_WARN_ENUM_CONVERSION = YES;
				CLANG_WARN_INFINITE_RECURSION = YES;
				CLANG_WARN_INT_CONVERSION = YES;
				CLANG_WARN_NON_LITERAL_NULL_CONVERSION = YES;
				CLANG_WARN_OBJC_LITERAL_CONVERSION = YES;
				CLANG_WARN_OBJC_ROOT_CLASS = YES_ERROR;
				CLANG_WARN_RANGE_LOOP_ANALYSIS = YES;
				CLANG_WARN_STRICT_PROTOTYPES = YES;
				CLANG_WARN_SUSPICIOUS_MOVE = YES;
				CLANG_WARN_UNGUARDED_AVAILABILITY = YES_AGGRESSIVE;
				CLANG_WARN_UNREACHABLE_CODE = YES;
				CLANG_WARN__DUPLICATE_METHOD_MATCH = YES;
				CODE_SIGN_IDENTITY = "iPhone Developer";
				COPY_PHASE_STRIP = NO;
				DEBUG_INFORMATION_FORMAT = "dwarf-with-dsym";
				ENABLE_NS_ASSERTIONS = NO;
				ENABLE_STRICT_OBJC_MSGSEND = YES;
				GCC_C_LANGUAGE_STANDARD = gnu11;
				GCC_NO_COMMON_BLOCKS = YES;
				GCC_WARN_64_TO_32_BIT_CONVERSION = YES;
				GCC_WARN_ABOUT_RETURN_TYPE = YES_ERROR;
				GCC_WARN_UNDECLARED_SELECTOR = YES;
				GCC_WARN_UNINITIALIZED_AUTOS = YES_AGGRESSIVE;
				GCC_WARN_UNUSED_FUNCTION = YES;
				GCC_WARN_UNUSED_VARIABLE = YES;
				IPHONEOS_DEPLOYMENT_TARGET = 11.2;
				MTL_ENABLE_DEBUG_INFO = NO;
				SDKROOT = iphoneos;
				VALIDATE_PRODUCT = YES;
			};
			name = Release;
		};
		1912544B2018234D0061A284 /* Debug */ = {
			isa = XCBuildConfiguration;
			buildSettings = {
				ASSETCATALOG_COMPILER_APPICON_NAME = AppIcon;
				CODE_SIGN_STYLE = Automatic;
				DEVELOPMENT_TEAM = 5QLPT4C3EB;
				FRAMEWORK_SEARCH_PATHS = (
					"$(inherited)",
					"$(PROJECT_DIR)",
				);
				HEADER_SEARCH_PATHS = "$(SRCROOT)/LogitowSdk.framework/Headers";
				INFOPLIST_FILE = LogitowSdkSample/Info.plist;
				IPHONEOS_DEPLOYMENT_TARGET = 9.0;
				LD_RUNPATH_SEARCH_PATHS = "$(inherited) @executable_path/Frameworks";
				LIBRARY_SEARCH_PATHS = (
					"$(inherited)",
					"$(PROJECT_DIR)",
				);
				PRODUCT_BUNDLE_IDENTIFIER = com.logitow.LogitowSdkSample;
				PRODUCT_NAME = "$(TARGET_NAME)";
				TARGETED_DEVICE_FAMILY = "1,2";
			};
			name = Debug;
		};
		1912544C2018234D0061A284 /* Release */ = {
			isa = XCBuildConfiguration;
			buildSettings = {
				ASSETCATALOG_COMPILER_APPICON_NAME = AppIcon;
				CODE_SIGN_STYLE = Automatic;
				DEVELOPMENT_TEAM = 5QLPT4C3EB;
				FRAMEWORK_SEARCH_PATHS = (
					"$(inherited)",
					"$(PROJECT_DIR)",
				);
				HEADER_SEARCH_PATHS = "$(SRCROOT)/LogitowSdk.framework/Headers";
				INFOPLIST_FILE = LogitowSdkSample/Info.plist;
				IPHONEOS_DEPLOYMENT_TARGET = 9.0;
				LD_RUNPATH_SEARCH_PATHS = "$(inherited) @executable_path/Frameworks";
				LIBRARY_SEARCH_PATHS = (
					"$(inherited)",
					"$(PROJECT_DIR)",
				);
				PRODUCT_BUNDLE_IDENTIFIER = com.logitow.LogitowSdkSample;
				PRODUCT_NAME = "$(TARGET_NAME)";
				TARGETED_DEVICE_FAMILY = "1,2";
			};
			name = Release;
		};
		1912544E2018234D0061A284 /* Debug */ = {
			isa = XCBuildConfiguration;
			buildSettings = {
				BUNDLE_LOADER = "$(TEST_HOST)";
				CODE_SIGN_STYLE = Automatic;
				DEVELOPMENT_TEAM = 5QLPT4C3EB;
				INFOPLIST_FILE = LogitowSdkSampleTests/Info.plist;
				LD_RUNPATH_SEARCH_PATHS = "$(inherited) @executable_path/Frameworks @loader_path/Frameworks";
				PRODUCT_BUNDLE_IDENTIFIER = com.logitow.LogitowSdkSampleTests;
				PRODUCT_NAME = "$(TARGET_NAME)";
				TARGETED_DEVICE_FAMILY = "1,2";
				TEST_HOST = "$(BUILT_PRODUCTS_DIR)/LogitowSdkSample.app/LogitowSdkSample";
			};
			name = Debug;
		};
		1912544F2018234D0061A284 /* Release */ = {
			isa = XCBuildConfiguration;
			buildSettings = {
				BUNDLE_LOADER = "$(TEST_HOST)";
				CODE_SIGN_STYLE = Automatic;
				DEVELOPMENT_TEAM = 5QLPT4C3EB;
				INFOPLIST_FILE = LogitowSdkSampleTests/Info.plist;
				LD_RUNPATH_SEARCH_PATHS = "$(inherited) @executable_path/Frameworks @loader_path/Frameworks";
				PRODUCT_BUNDLE_IDENTIFIER = com.logitow.LogitowSdkSampleTests;
				PRODUCT_NAME = "$(TARGET_NAME)";
				TARGETED_DEVICE_FAMILY = "1,2";
				TEST_HOST = "$(BUILT_PRODUCTS_DIR)/LogitowSdkSample.app/LogitowSdkSample";
			};
			name = Release;
		};
		191254512018234D0061A284 /* Debug */ = {
			isa = XCBuildConfiguration;
			buildSettings = {
				CODE_SIGN_STYLE = Automatic;
				DEVELOPMENT_TEAM = 5QLPT4C3EB;
				INFOPLIST_FILE = LogitowSdkSampleUITests/Info.plist;
				LD_RUNPATH_SEARCH_PATHS = "$(inherited) @executable_path/Frameworks @loader_path/Frameworks";
				PRODUCT_BUNDLE_IDENTIFIER = com.logitow.LogitowSdkSampleUITests;
				PRODUCT_NAME = "$(TARGET_NAME)";
				TARGETED_DEVICE_FAMILY = "1,2";
				TEST_TARGET_NAME = LogitowSdkSample;
			};
			name = Debug;
		};
		191254522018234D0061A284 /* Release */ = {
			isa = XCBuildConfiguration;
			buildSettings = {
				CODE_SIGN_STYLE = Automatic;
				DEVELOPMENT_TEAM = 5QLPT4C3EB;
				INFOPLIST_FILE = LogitowSdkSampleUITests/Info.plist;
				LD_RUNPATH_SEARCH_PATHS = "$(inherited) @executable_path/Frameworks @loader_path/Frameworks";
				PRODUCT_BUNDLE_IDENTIFIER = com.logitow.LogitowSdkSampleUITests;
				PRODUCT_NAME = "$(TARGET_NAME)";
				TARGETED_DEVICE_FAMILY = "1,2";
				TEST_TARGET_NAME = LogitowSdkSample;
			};
			name = Release;
		};
/* End XCBuildConfiguration section */

/* Begin XCConfigurationList section */
		191254162018234D0061A284 /* Build configuration list for PBXProject "LogitowSdkSample" */ = {
			isa = XCConfigurationList;
			buildConfigurations = (
				191254482018234D0061A284 /* Debug */,
				191254492018234D0061A284 /* Release */,
			);
			defaultConfigurationIsVisible = 0;
			defaultConfigurationName = Release;
		};
		1912544A2018234D0061A284 /* Build configuration list for PBXNativeTarget "LogitowSdkSample" */ = {
			isa = XCConfigurationList;
			buildConfigurations = (
				1912544B2018234D0061A284 /* Debug */,
				1912544C2018234D0061A284 /* Release */,
			);
			defaultConfigurationIsVisible = 0;
			defaultConfigurationName = Release;
		};
		1912544D2018234D0061A284 /* Build configuration list for PBXNativeTarget "LogitowSdkSampleTests" */ = {
			isa = XCConfigurationList;
			buildConfigurations = (
				1912544E2018234D0061A284 /* Debug */,
				1912544F2018234D0061A284 /* Release */,
			);
			defaultConfigurationIsVisible = 0;
			defaultConfigurationName = Release;
		};
		191254502018234D0061A284 /* Build configuration list for PBXNativeTarget "LogitowSdkSampleUITests" */ = {
			isa = XCConfigurationList;
			buildConfigurations = (
				191254512018234D0061A284 /* Debug */,
				191254522018234D0061A284 /* Release */,
			);
			defaultConfigurationIsVisible = 0;
			defaultConfigurationName = Release;
		};
/* End XCConfigurationList section */

/* Begin XCVersionGroup section */
		191254272018234D0061A284 /* LogitowSdkSample.xcdatamodeld */ = {
			isa = XCVersionGroup;
			children = (
				191254282018234D0061A284 /* LogitowSdkSample.xcdatamodel */,
			);
			currentVersion = 191254282018234D0061A284 /* LogitowSdkSample.xcdatamodel */;
			path = LogitowSdkSample.xcdatamodeld;
			sourceTree = "<group>";
			versionGroupType = wrapper.xcdatamodel;
		};
/* End XCVersionGroup section */
	};
	rootObject = 191254132018234D0061A284 /* Project object */;
}
